
Microsoft Visual Studio Solution File, Format Version 12.00
# Visual Studio Version 17
VisualStudioVersion = 17.9.34616.47
MinimumVisualStudioVersion = 10.0.40219.1
Project("{FAE04EC0-301F-11D3-BF4B-00C04F79EFBC}") = "Mission11_Stone", "Mission11_Stone.csproj", "{1B1454DD-ECD2-46A4-8F4A-F11F7FAB5357}"
EndProject
Global
	GlobalSection(SolutionConfigurationPlatforms) = preSolution
		Debug|Any CPU = Debug|Any CPU
		Release|Any CPU = Release|Any CPU
	EndGlobalSection
	GlobalSection(ProjectConfigurationPlatforms) = postSolution
		{1B1454DD-ECD2-46A4-8F4A-F11F7FAB5357}.Debug|Any CPU.ActiveCfg = Debug|Any CPU
		{1B1454DD-ECD2-46A4-8F4A-F11F7FAB5357}.Debug|Any CPU.Build.0 = Debug|Any CPU
		{1B1454DD-ECD2-46A4-8F4A-F11F7FAB5357}.Release|Any CPU.ActiveCfg = Release|Any CPU
		{1B1454DD-ECD2-46A4-8F4A-F11F7FAB5357}.Release|Any CPU.Build.0 = Release|Any CPU
	EndGlobalSection
	GlobalSection(SolutionProperties) = preSolution
		HideSolutionNode = FALSE
	EndGlobalSection
	GlobalSection(ExtensibilityGlobals) = postSolution
		SolutionGuid = {B63F24C9-8CDE-4023-BE05-ED9D4469C27F}
	EndGlobalSection
EndGlobal
